# This file is generated by running "yarn install" inside your project.
# Manual changes might be lost - proceed with caution!

__metadata:
  version: 8
  cacheKey: 10c0

"@radlobby-at/radlkarte@workspace:.":
  version: 0.0.0-use.local
  resolution: "@radlobby-at/radlkarte@workspace:."
  dependencies:
    html5-lint: "npm:^0.3.0"
    http-server: "npm:^14.1.1"
    jshint: "npm:^2.13.6"
    why: "npm:^0.6.2"
  languageName: unknown
  linkType: soft

"ajv@npm:^6.12.3":
  version: 6.12.6
  resolution: "ajv@npm:6.12.6"
  dependencies:
    fast-deep-equal: "npm:^3.1.1"
    fast-json-stable-stringify: "npm:^2.0.0"
    json-schema-traverse: "npm:^0.4.1"
    uri-js: "npm:^4.2.2"
  checksum: 10c0/41e23642cbe545889245b9d2a45854ebba51cda6c778ebced9649420d9205f2efb39cb43dbc41e358409223b1ea43303ae4839db682c848b891e4811da1a5a71
  languageName: node
  linkType: hard

"ansi-styles@npm:^4.1.0":
  version: 4.3.0
  resolution: "ansi-styles@npm:4.3.0"
  dependencies:
    color-convert: "npm:^2.0.1"
  checksum: 10c0/895a23929da416f2bd3de7e9cb4eabd340949328ab85ddd6e484a637d8f6820d485f53933446f5291c3b760cbc488beb8e88573dd0f9c7daf83dccc8fe81b041
  languageName: node
  linkType: hard

"asn1@npm:~0.2.3":
  version: 0.2.6
  resolution: "asn1@npm:0.2.6"
  dependencies:
    safer-buffer: "npm:~2.1.0"
  checksum: 10c0/00c8a06c37e548762306bcb1488388d2f76c74c36f70c803f0c081a01d3bdf26090fc088cd812afc5e56a6d49e33765d451a5f8a68ab9c2b087eba65d2e980e0
  languageName: node
  linkType: hard

"assert-plus@npm:1.0.0, assert-plus@npm:^1.0.0":
  version: 1.0.0
  resolution: "assert-plus@npm:1.0.0"
  checksum: 10c0/b194b9d50c3a8f872ee85ab110784911e696a4d49f7ee6fc5fb63216dedbefd2c55999c70cb2eaeb4cf4a0e0338b44e9ace3627117b5bf0d42460e9132f21b91
  languageName: node
  linkType: hard

"async@npm:^2.6.4":
  version: 2.6.4
  resolution: "async@npm:2.6.4"
  dependencies:
    lodash: "npm:^4.17.14"
  checksum: 10c0/0ebb3273ef96513389520adc88e0d3c45e523d03653cc9b66f5c46f4239444294899bfd13d2b569e7dbfde7da2235c35cf5fd3ece9524f935d41bbe4efccdad0
  languageName: node
  linkType: hard

"asynckit@npm:^0.4.0":
  version: 0.4.0
  resolution: "asynckit@npm:0.4.0"
  checksum: 10c0/d73e2ddf20c4eb9337e1b3df1a0f6159481050a5de457c55b14ea2e5cb6d90bb69e004c9af54737a5ee0917fcf2c9e25de67777bbe58261847846066ba75bc9d
  languageName: node
  linkType: hard

"aws-sign2@npm:~0.7.0":
  version: 0.7.0
  resolution: "aws-sign2@npm:0.7.0"
  checksum: 10c0/021d2cc5547d4d9ef1633e0332e746a6f447997758b8b68d6fb33f290986872d2bff5f0c37d5832f41a7229361f093cd81c40898d96ed153493c0fb5cd8575d2
  languageName: node
  linkType: hard

"aws4@npm:^1.8.0":
  version: 1.12.0
  resolution: "aws4@npm:1.12.0"
  checksum: 10c0/1e39c266f53b04daf88e112de93a6006375b386a1b7ab6197260886e39abd012aa90bdd87949c3bf9c30754846031f6d5d8ac4f8676628097c11065b5d39847a
  languageName: node
  linkType: hard

"balanced-match@npm:^1.0.0":
  version: 1.0.2
  resolution: "balanced-match@npm:1.0.2"
  checksum: 10c0/9308baf0a7e4838a82bbfd11e01b1cb0f0cf2893bc1676c27c2a8c0e70cbae1c59120c3268517a8ae7fb6376b4639ef81ca22582611dbee4ed28df945134aaee
  languageName: node
  linkType: hard

"basic-auth@npm:^2.0.1":
  version: 2.0.1
  resolution: "basic-auth@npm:2.0.1"
  dependencies:
    safe-buffer: "npm:5.1.2"
  checksum: 10c0/05f56db3a0fc31c89c86b605231e32ee143fb6ae38dc60616bc0970ae6a0f034172def99e69d3aed0e2c9e7cac84e2d63bc51a0b5ff6ab5fc8808cc8b29923c1
  languageName: node
  linkType: hard

"bcrypt-pbkdf@npm:^1.0.0":
  version: 1.0.2
  resolution: "bcrypt-pbkdf@npm:1.0.2"
  dependencies:
    tweetnacl: "npm:^0.14.3"
  checksum: 10c0/ddfe85230b32df25aeebfdccfbc61d3bc493ace49c884c9c68575de1f5dcf733a5d7de9def3b0f318b786616b8d85bad50a28b1da1750c43e0012c93badcc148
  languageName: node
  linkType: hard

"brace-expansion@npm:^1.1.7":
  version: 1.1.11
  resolution: "brace-expansion@npm:1.1.11"
  dependencies:
    balanced-match: "npm:^1.0.0"
    concat-map: "npm:0.0.1"
  checksum: 10c0/695a56cd058096a7cb71fb09d9d6a7070113c7be516699ed361317aca2ec169f618e28b8af352e02ab4233fb54eb0168460a40dc320bab0034b36ab59aaad668
  languageName: node
  linkType: hard

"call-bind@npm:^1.0.6":
  version: 1.0.6
  resolution: "call-bind@npm:1.0.6"
  dependencies:
    es-errors: "npm:^1.3.0"
    function-bind: "npm:^1.1.2"
    get-intrinsic: "npm:^1.2.3"
    set-function-length: "npm:^1.2.0"
  checksum: 10c0/8dd9d4dad0a3ba4d1799a7baccc1b8dd4948ec99c6c7e88a8ac80bd814a34c87cc2b14680f0e343d9904e9e4a0a5b8c08758022ca0d1ef13f2723cd3720159f0
  languageName: node
  linkType: hard

"caseless@npm:~0.12.0":
  version: 0.12.0
  resolution: "caseless@npm:0.12.0"
  checksum: 10c0/ccf64bcb6c0232cdc5b7bd91ddd06e23a4b541f138336d4725233ac538041fb2f29c2e86c3c4a7a61ef990b665348db23a047060b9414c3a6603e9fa61ad4626
  languageName: node
  linkType: hard

"chalk@npm:^4.1.2":
  version: 4.1.2
  resolution: "chalk@npm:4.1.2"
  dependencies:
    ansi-styles: "npm:^4.1.0"
    supports-color: "npm:^7.1.0"
  checksum: 10c0/4a3fef5cc34975c898ffe77141450f679721df9dde00f6c304353fa9c8b571929123b26a0e4617bde5018977eb655b31970c297b91b63ee83bb82aeb04666880
  languageName: node
  linkType: hard

"cli@npm:~1.0.0":
  version: 1.0.1
  resolution: "cli@npm:1.0.1"
  dependencies:
    exit: "npm:0.1.2"
    glob: "npm:^7.1.1"
  checksum: 10c0/12e406248386ebcf5351c28b0c94ae0392245c3534ebd4bb67423e1999daf8d898705f654eb70738d9870997d981aef3929d2db3aba3ea95a24380092a94b786
  languageName: node
  linkType: hard

"color-convert@npm:^2.0.1":
  version: 2.0.1
  resolution: "color-convert@npm:2.0.1"
  dependencies:
    color-name: "npm:~1.1.4"
  checksum: 10c0/37e1150172f2e311fe1b2df62c6293a342ee7380da7b9cfdba67ea539909afbd74da27033208d01d6d5cfc65ee7868a22e18d7e7648e004425441c0f8a15a7d7
  languageName: node
  linkType: hard

"color-name@npm:~1.1.4":
  version: 1.1.4
  resolution: "color-name@npm:1.1.4"
  checksum: 10c0/a1a3f914156960902f46f7f56bc62effc6c94e84b2cae157a526b1c1f74b677a47ec602bf68a61abfa2b42d15b7c5651c6dbe72a43af720bc588dff885b10f95
  languageName: node
  linkType: hard

"combined-stream@npm:^1.0.6, combined-stream@npm:~1.0.6":
  version: 1.0.8
  resolution: "combined-stream@npm:1.0.8"
  dependencies:
    delayed-stream: "npm:~1.0.0"
  checksum: 10c0/0dbb829577e1b1e839fa82b40c07ffaf7de8a09b935cadd355a73652ae70a88b4320db322f6634a4ad93424292fa80973ac6480986247f1734a1137debf271d5
  languageName: node
  linkType: hard

"concat-map@npm:0.0.1":
  version: 0.0.1
  resolution: "concat-map@npm:0.0.1"
  checksum: 10c0/c996b1cfdf95b6c90fee4dae37e332c8b6eb7d106430c17d538034c0ad9a1630cb194d2ab37293b1bdd4d779494beee7786d586a50bd9376fd6f7bcc2bd4c98f
  languageName: node
  linkType: hard

"console-browserify@npm:1.1.x":
  version: 1.1.0
  resolution: "console-browserify@npm:1.1.0"
  dependencies:
    date-now: "npm:^0.1.4"
  checksum: 10c0/5d130bcb251bba45d50a857348a63356e9d0d0f268210b65928e0c8420b4d7442a87b547d6bd3d71e7439fe04902e9e211f77eac48795635f767350568b383f5
  languageName: node
  linkType: hard

"core-util-is@npm:1.0.2":
  version: 1.0.2
  resolution: "core-util-is@npm:1.0.2"
  checksum: 10c0/980a37a93956d0de8a828ce508f9b9e3317039d68922ca79995421944146700e4aaf490a6dbfebcb1c5292a7184600c7710b957d724be1e37b8254c6bc0fe246
  languageName: node
  linkType: hard

"core-util-is@npm:~1.0.0":
  version: 1.0.3
  resolution: "core-util-is@npm:1.0.3"
  checksum: 10c0/90a0e40abbddfd7618f8ccd63a74d88deea94e77d0e8dbbea059fa7ebebb8fbb4e2909667fe26f3a467073de1a542ebe6ae4c73a73745ac5833786759cd906c9
  languageName: node
  linkType: hard

"corser@npm:^2.0.1":
  version: 2.0.1
  resolution: "corser@npm:2.0.1"
  checksum: 10c0/1f319a752a560342dd22d936e5a4c158bfcbc332524ef5b05a7277236dad8b0b2868fd5cf818559f29954ec4d777d82e797fccd76601fcfe431610e4143c8acc
  languageName: node
  linkType: hard

"dashdash@npm:^1.12.0":
  version: 1.14.1
  resolution: "dashdash@npm:1.14.1"
  dependencies:
    assert-plus: "npm:^1.0.0"
  checksum: 10c0/64589a15c5bd01fa41ff7007e0f2c6552c5ef2028075daa16b188a3721f4ba001841bf306dfc2eee6e2e6e7f76b38f5f17fb21fa847504192290ffa9e150118a
  languageName: node
  linkType: hard

"date-now@npm:^0.1.4":
  version: 0.1.4
  resolution: "date-now@npm:0.1.4"
  checksum: 10c0/0e0a04d91deac395dfabc6f279b1bb7fbc66816552104b8dc5a7a5c32340a79eb2e2a27c83a20b6a46c0737dd2c55bf92aa44321911ba1f03adad413ad70ee3e
  languageName: node
  linkType: hard

"debug@npm:^3.2.7":
  version: 3.2.7
  resolution: "debug@npm:3.2.7"
  dependencies:
    ms: "npm:^2.1.1"
  checksum: 10c0/37d96ae42cbc71c14844d2ae3ba55adf462ec89fd3a999459dec3833944cd999af6007ff29c780f1c61153bcaaf2c842d1e4ce1ec621e4fc4923244942e4a02a
  languageName: node
  linkType: hard

"define-data-property@npm:^1.1.2":
  version: 1.1.2
  resolution: "define-data-property@npm:1.1.2"
  dependencies:
    es-errors: "npm:^1.3.0"
    get-intrinsic: "npm:^1.2.2"
    gopd: "npm:^1.0.1"
    has-property-descriptors: "npm:^1.0.1"
  checksum: 10c0/c496512a9b37c0a1708931a7ef419c120d23e672758fd41903f0593d6c48b2366976a484ad97bd45ed636da712dfa886c0908bf2c77b3f7ca36d7299b23a24bb
  languageName: node
  linkType: hard

"delayed-stream@npm:~1.0.0":
  version: 1.0.0
  resolution: "delayed-stream@npm:1.0.0"
  checksum: 10c0/d758899da03392e6712f042bec80aa293bbe9e9ff1b2634baae6a360113e708b91326594c8a486d475c69d6259afb7efacdc3537bfcda1c6c648e390ce601b19
  languageName: node
  linkType: hard

"dom-serializer@npm:0":
  version: 0.2.2
  resolution: "dom-serializer@npm:0.2.2"
  dependencies:
    domelementtype: "npm:^2.0.1"
    entities: "npm:^2.0.0"
  checksum: 10c0/5cb595fb77e1a23eca56742f47631e6f4af66ce1982c7ed28b3d0ef21f1f50304c067adc29d3eaf824c572be022cee88627d0ac9b929408f24e923f3c7bed37b
  languageName: node
  linkType: hard

"domelementtype@npm:1":
  version: 1.3.1
  resolution: "domelementtype@npm:1.3.1"
  checksum: 10c0/6d4f5761060a21eaf3c96545501e9d188745c7e1c31b8d141bf15d8748feeadba868f4ea32877751b8678b286fb1afbe6ae905ca3fb8f0214d8322e482cdbec0
  languageName: node
  linkType: hard

"domelementtype@npm:^2.0.1":
  version: 2.3.0
  resolution: "domelementtype@npm:2.3.0"
  checksum: 10c0/686f5a9ef0fff078c1412c05db73a0dce096190036f33e400a07e2a4518e9f56b1e324f5c576a0a747ef0e75b5d985c040b0d51945ce780c0dd3c625a18cd8c9
  languageName: node
  linkType: hard

"domhandler@npm:2.3":
  version: 2.3.0
  resolution: "domhandler@npm:2.3.0"
  dependencies:
    domelementtype: "npm:1"
  checksum: 10c0/f434a1c08392821751b85081fd8ff11b17d7fd6e5da59335af87ee038b816be24d35a12f45d85034e3e137158beb031d5a3df21fcd05a7dd4490e2f01a6d0e82
  languageName: node
  linkType: hard

"domutils@npm:1.5":
  version: 1.5.1
  resolution: "domutils@npm:1.5.1"
  dependencies:
    dom-serializer: "npm:0"
    domelementtype: "npm:1"
  checksum: 10c0/8707a18c974be54d33fd846d174d523ddf4955b2fcc1ec713cbe6ff490f60da22106b153fea6269332477eb81dc1a25a83f5b2afaf78b6dc9e2161fd7b80f7ba
  languageName: node
  linkType: hard

"ecc-jsbn@npm:~0.1.1":
  version: 0.1.2
  resolution: "ecc-jsbn@npm:0.1.2"
  dependencies:
    jsbn: "npm:~0.1.0"
    safer-buffer: "npm:^2.1.0"
  checksum: 10c0/6cf168bae1e2dad2e46561d9af9cbabfbf5ff592176ad4e9f0f41eaaf5fe5e10bb58147fe0a804de62b1ee9dad42c28810c88d652b21b6013c47ba8efa274ca1
  languageName: node
  linkType: hard

"entities@npm:1.0":
  version: 1.0.0
  resolution: "entities@npm:1.0.0"
  checksum: 10c0/fd382add860bab507c942a054ef98445028bf988d16f53cbae24c70533c280d4ea116a5bc6308f6ca66901818faf4f495316f9873c6337af7cffaaf3859da407
  languageName: node
  linkType: hard

"entities@npm:^2.0.0":
  version: 2.2.0
  resolution: "entities@npm:2.2.0"
  checksum: 10c0/7fba6af1f116300d2ba1c5673fc218af1961b20908638391b4e1e6d5850314ee2ac3ec22d741b3a8060479911c99305164aed19b6254bde75e7e6b1b2c3f3aa3
  languageName: node
  linkType: hard

"es-errors@npm:^1.3.0":
  version: 1.3.0
  resolution: "es-errors@npm:1.3.0"
  checksum: 10c0/0a61325670072f98d8ae3b914edab3559b6caa980f08054a3b872052640d91da01d38df55df797fcc916389d77fc92b8d5906cf028f4db46d7e3003abecbca85
  languageName: node
  linkType: hard

"eventemitter3@npm:^4.0.0":
  version: 4.0.7
  resolution: "eventemitter3@npm:4.0.7"
  checksum: 10c0/5f6d97cbcbac47be798e6355e3a7639a84ee1f7d9b199a07017f1d2f1e2fe236004d14fa5dfaeba661f94ea57805385e326236a6debbc7145c8877fbc0297c6b
  languageName: node
  linkType: hard

"exit@npm:0.1.2, exit@npm:0.1.x":
  version: 0.1.2
  resolution: "exit@npm:0.1.2"
  checksum: 10c0/71d2ad9b36bc25bb8b104b17e830b40a08989be7f7d100b13269aaae7c3784c3e6e1e88a797e9e87523993a25ba27c8958959a554535370672cfb4d824af8989
  languageName: node
  linkType: hard

"extend@npm:^3.0.0, extend@npm:~3.0.2":
  version: 3.0.2
  resolution: "extend@npm:3.0.2"
  checksum: 10c0/73bf6e27406e80aa3e85b0d1c4fd987261e628064e170ca781125c0b635a3dabad5e05adbf07595ea0cf1e6c5396cacb214af933da7cbaf24fe75ff14818e8f9
  languageName: node
  linkType: hard

"extsprintf@npm:1.3.0":
  version: 1.3.0
  resolution: "extsprintf@npm:1.3.0"
  checksum: 10c0/f75114a8388f0cbce68e277b6495dc3930db4dde1611072e4a140c24e204affd77320d004b947a132e9a3b97b8253017b2b62dce661975fb0adced707abf1ab5
  languageName: node
  linkType: hard

"extsprintf@npm:^1.2.0":
  version: 1.4.1
  resolution: "extsprintf@npm:1.4.1"
  checksum: 10c0/e10e2769985d0e9b6c7199b053a9957589d02e84de42832c295798cb422a025e6d4a92e0259c1fb4d07090f5bfde6b55fd9f880ac5855bd61d775f8ab75a7ab0
  languageName: node
  linkType: hard

"fast-deep-equal@npm:^3.1.1":
  version: 3.1.3
  resolution: "fast-deep-equal@npm:3.1.3"
  checksum: 10c0/40dedc862eb8992c54579c66d914635afbec43350afbbe991235fdcb4e3a8d5af1b23ae7e79bef7d4882d0ecee06c3197488026998fb19f72dc95acff1d1b1d0
  languageName: node
  linkType: hard

"fast-json-stable-stringify@npm:^2.0.0":
  version: 2.1.0
  resolution: "fast-json-stable-stringify@npm:2.1.0"
  checksum: 10c0/7f081eb0b8a64e0057b3bb03f974b3ef00135fbf36c1c710895cd9300f13c94ba809bb3a81cf4e1b03f6e5285610a61abbd7602d0652de423144dfee5a389c9b
  languageName: node
  linkType: hard

"follow-redirects@npm:^1.0.0":
  version: 1.15.5
  resolution: "follow-redirects@npm:1.15.5"
  peerDependenciesMeta:
    debug:
      optional: true
  checksum: 10c0/418d71688ceaf109dfd6f85f747a0c75de30afe43a294caa211def77f02ef19865b547dfb73fde82b751e1cc507c06c754120b848fe5a7400b0a669766df7615
  languageName: node
  linkType: hard

"forever-agent@npm:~0.6.1":
  version: 0.6.1
  resolution: "forever-agent@npm:0.6.1"
  checksum: 10c0/364f7f5f7d93ab661455351ce116a67877b66f59aca199559a999bd39e3cfadbfbfacc10415a915255e2210b30c23febe9aec3ca16bf2d1ff11c935a1000e24c
  languageName: node
  linkType: hard

"form-data@npm:~2.3.2":
  version: 2.3.3
  resolution: "form-data@npm:2.3.3"
  dependencies:
    asynckit: "npm:^0.4.0"
    combined-stream: "npm:^1.0.6"
    mime-types: "npm:^2.1.12"
  checksum: 10c0/706ef1e5649286b6a61e5bb87993a9842807fd8f149cd2548ee807ea4fb882247bdf7f6e64ac4720029c0cd5c80343de0e22eee1dc9e9882e12db9cc7bc016a4
  languageName: node
  linkType: hard

"fs.realpath@npm:^1.0.0":
  version: 1.0.0
  resolution: "fs.realpath@npm:1.0.0"
  checksum: 10c0/444cf1291d997165dfd4c0d58b69f0e4782bfd9149fd72faa4fe299e68e0e93d6db941660b37dd29153bf7186672ececa3b50b7e7249477b03fdf850f287c948
  languageName: node
  linkType: hard

"function-bind@npm:^1.1.2":
  version: 1.1.2
  resolution: "function-bind@npm:1.1.2"
  checksum: 10c0/d8680ee1e5fcd4c197e4ac33b2b4dce03c71f4d91717292785703db200f5c21f977c568d28061226f9b5900cbcd2c84463646134fd5337e7925e0942bc3f46d5
  languageName: node
  linkType: hard

"get-intrinsic@npm:^1.1.3, get-intrinsic@npm:^1.2.2, get-intrinsic@npm:^1.2.3, get-intrinsic@npm:^1.2.4":
  version: 1.2.4
  resolution: "get-intrinsic@npm:1.2.4"
  dependencies:
    es-errors: "npm:^1.3.0"
    function-bind: "npm:^1.1.2"
    has-proto: "npm:^1.0.1"
    has-symbols: "npm:^1.0.3"
    hasown: "npm:^2.0.0"
  checksum: 10c0/0a9b82c16696ed6da5e39b1267104475c47e3a9bdbe8b509dfe1710946e38a87be70d759f4bb3cda042d76a41ef47fe769660f3b7c0d1f68750299344ffb15b7
  languageName: node
  linkType: hard

"getpass@npm:^0.1.1":
  version: 0.1.7
  resolution: "getpass@npm:0.1.7"
  dependencies:
    assert-plus: "npm:^1.0.0"
  checksum: 10c0/c13f8530ecf16fc509f3fa5cd8dd2129ffa5d0c7ccdf5728b6022d52954c2d24be3706b4cdf15333eec52f1fbb43feb70a01dabc639d1d10071e371da8aaa52f
  languageName: node
  linkType: hard

"glob@npm:^7.1.1":
  version: 7.2.3
  resolution: "glob@npm:7.2.3"
  dependencies:
    fs.realpath: "npm:^1.0.0"
    inflight: "npm:^1.0.4"
    inherits: "npm:2"
    minimatch: "npm:^3.1.1"
    once: "npm:^1.3.0"
    path-is-absolute: "npm:^1.0.0"
  checksum: 10c0/65676153e2b0c9095100fe7f25a778bf45608eeb32c6048cf307f579649bcc30353277b3b898a3792602c65764e5baa4f643714dfbdfd64ea271d210c7a425fe
  languageName: node
  linkType: hard

"gopd@npm:^1.0.1":
  version: 1.0.1
  resolution: "gopd@npm:1.0.1"
  dependencies:
    get-intrinsic: "npm:^1.1.3"
  checksum: 10c0/505c05487f7944c552cee72087bf1567debb470d4355b1335f2c262d218ebbff805cd3715448fe29b4b380bae6912561d0467233e4165830efd28da241418c63
  languageName: node
  linkType: hard

"har-schema@npm:^2.0.0":
  version: 2.0.0
  resolution: "har-schema@npm:2.0.0"
  checksum: 10c0/3856cb76152658e0002b9c2b45b4360bb26b3e832c823caed8fcf39a01096030bf09fa5685c0f7b0f2cb3ecba6e9dce17edaf28b64a423d6201092e6be56e592
  languageName: node
  linkType: hard

"har-validator@npm:~5.1.3":
  version: 5.1.5
  resolution: "har-validator@npm:5.1.5"
  dependencies:
    ajv: "npm:^6.12.3"
    har-schema: "npm:^2.0.0"
  checksum: 10c0/f1d606eb1021839e3a905be5ef7cca81c2256a6be0748efb8fefc14312214f9e6c15d7f2eaf37514104071207d84f627b68bb9f6178703da4e06fbd1a0649a5e
  languageName: node
  linkType: hard

"has-flag@npm:^4.0.0":
  version: 4.0.0
  resolution: "has-flag@npm:4.0.0"
  checksum: 10c0/2e789c61b7888d66993e14e8331449e525ef42aac53c627cc53d1c3334e768bcb6abdc4f5f0de1478a25beec6f0bd62c7549058b7ac53e924040d4f301f02fd1
  languageName: node
  linkType: hard

"has-property-descriptors@npm:^1.0.1":
  version: 1.0.1
  resolution: "has-property-descriptors@npm:1.0.1"
  dependencies:
    get-intrinsic: "npm:^1.2.2"
  checksum: 10c0/d62ba94b40150b00d621bc64a6aedb5bf0ee495308b4b7ed6bac856043db3cdfb1db553ae81cec91c9d2bd82057ff0e94145e7fa25d5aa5985ed32e0921927f6
  languageName: node
  linkType: hard

"has-proto@npm:^1.0.1":
  version: 1.0.1
  resolution: "has-proto@npm:1.0.1"
  checksum: 10c0/c8a8fe411f810b23a564bd5546a8f3f0fff6f1b692740eb7a2fdc9df716ef870040806891e2f23ff4653f1083e3895bf12088703dd1a0eac3d9202d3a4768cd0
  languageName: node
  linkType: hard

"has-symbols@npm:^1.0.3":
  version: 1.0.3
  resolution: "has-symbols@npm:1.0.3"
  checksum: 10c0/e6922b4345a3f37069cdfe8600febbca791c94988c01af3394d86ca3360b4b93928bbf395859158f88099cb10b19d98e3bbab7c9ff2c1bd09cf665ee90afa2c3
  languageName: node
  linkType: hard

"hasown@npm:^2.0.0":
  version: 2.0.0
  resolution: "hasown@npm:2.0.0"
  dependencies:
    function-bind: "npm:^1.1.2"
  checksum: 10c0/5d415b114f410661208c95e7ab4879f1cc2765b8daceff4dc8718317d1cb7b9ffa7c5d1eafd9a4389c9aab7445d6ea88e05f3096cb1e529618b55304956b87fc
  languageName: node
  linkType: hard

"he@npm:^1.2.0":
  version: 1.2.0
  resolution: "he@npm:1.2.0"
  bin:
    he: bin/he
  checksum: 10c0/a27d478befe3c8192f006cdd0639a66798979dfa6e2125c6ac582a19a5ebfec62ad83e8382e6036170d873f46e4536a7e795bf8b95bf7c247f4cc0825ccc8c17
  languageName: node
  linkType: hard

"html-encoding-sniffer@npm:^3.0.0":
  version: 3.0.0
  resolution: "html-encoding-sniffer@npm:3.0.0"
  dependencies:
    whatwg-encoding: "npm:^2.0.0"
  checksum: 10c0/b17b3b0fb5d061d8eb15121c3b0b536376c3e295ecaf09ba48dd69c6b6c957839db124fe1e2b3f11329753a4ee01aa7dedf63b7677999e86da17fbbdd82c5386
  languageName: node
  linkType: hard

"html5-lint@npm:^0.3.0":
  version: 0.3.0
  resolution: "html5-lint@npm:0.3.0"
  dependencies:
    extend: "npm:^3.0.0"
    request: "npm:^2.74.0"
  checksum: 10c0/fc0915161ddb63821b6499fe40a983662f9c90f3ac7aa8eb82913ae474f8851d103099c6a8d3fac024308d0e69cc30d2ee7b0f06b41dbcc114d3f56868e5eeae
  languageName: node
  linkType: hard

"htmlparser2@npm:3.8.x":
  version: 3.8.3
  resolution: "htmlparser2@npm:3.8.3"
  dependencies:
    domelementtype: "npm:1"
    domhandler: "npm:2.3"
    domutils: "npm:1.5"
    entities: "npm:1.0"
    readable-stream: "npm:1.1"
  checksum: 10c0/253a673976c1e2c2b8429e45830a5a89c3f23bb6dd34f5958aefbb104a8caf1268515b535277714deb034d894aa0bd315e901cbf2ec906e8ed0d1e49b2d73b3e
  languageName: node
  linkType: hard

"http-proxy@npm:^1.18.1":
  version: 1.18.1
  resolution: "http-proxy@npm:1.18.1"
  dependencies:
    eventemitter3: "npm:^4.0.0"
    follow-redirects: "npm:^1.0.0"
    requires-port: "npm:^1.0.0"
  checksum: 10c0/148dfa700a03fb421e383aaaf88ac1d94521dfc34072f6c59770528c65250983c2e4ec996f2f03aa9f3fe46cd1270a593126068319311e3e8d9e610a37533e94
  languageName: node
  linkType: hard

"http-server@npm:^14.1.1":
  version: 14.1.1
  resolution: "http-server@npm:14.1.1"
  dependencies:
    basic-auth: "npm:^2.0.1"
    chalk: "npm:^4.1.2"
    corser: "npm:^2.0.1"
    he: "npm:^1.2.0"
    html-encoding-sniffer: "npm:^3.0.0"
    http-proxy: "npm:^1.18.1"
    mime: "npm:^1.6.0"
    minimist: "npm:^1.2.6"
    opener: "npm:^1.5.1"
    portfinder: "npm:^1.0.28"
    secure-compare: "npm:3.0.1"
    union: "npm:~0.5.0"
    url-join: "npm:^4.0.1"
  bin:
    http-server: bin/http-server
  checksum: 10c0/c5770ddd722dd520ce0af25efee6bfb7c6300ff4e934636d4eec83fa995739e64de2e699e89e7a795b3a1894bcc37bec226617c1023600aacd7871fd8d6ffe6d
  languageName: node
  linkType: hard

"http-signature@npm:~1.2.0":
  version: 1.2.0
  resolution: "http-signature@npm:1.2.0"
  dependencies:
    assert-plus: "npm:^1.0.0"
    jsprim: "npm:^1.2.2"
    sshpk: "npm:^1.7.0"
  checksum: 10c0/582f7af7f354429e1fb19b3bbb9d35520843c69bb30a25b88ca3c5c2c10715f20ae7924e20cffbed220b1d3a726ef4fe8ccc48568d5744db87be9a79887d6733
  languageName: node
  linkType: hard

"iconv-lite@npm:0.6.3":
  version: 0.6.3
  resolution: "iconv-lite@npm:0.6.3"
  dependencies:
    safer-buffer: "npm:>= 2.1.2 < 3.0.0"
  checksum: 10c0/98102bc66b33fcf5ac044099d1257ba0b7ad5e3ccd3221f34dd508ab4070edff183276221684e1e0555b145fce0850c9f7d2b60a9fcac50fbb4ea0d6e845a3b1
  languageName: node
  linkType: hard

"inflight@npm:^1.0.4":
  version: 1.0.6
  resolution: "inflight@npm:1.0.6"
  dependencies:
    once: "npm:^1.3.0"
    wrappy: "npm:1"
  checksum: 10c0/7faca22584600a9dc5b9fca2cd5feb7135ac8c935449837b315676b4c90aa4f391ec4f42240178244b5a34e8bede1948627fda392ca3191522fc46b34e985ab2
  languageName: node
  linkType: hard

"inherits@npm:2, inherits@npm:~2.0.1":
  version: 2.0.4
  resolution: "inherits@npm:2.0.4"
  checksum: 10c0/4e531f648b29039fb7426fb94075e6545faa1eb9fe83c29f0b6d9e7263aceb4289d2d4557db0d428188eeb449cc7c5e77b0a0b2c4e248ff2a65933a0dee49ef2
  languageName: node
  linkType: hard

"is-typedarray@npm:~1.0.0":
  version: 1.0.0
  resolution: "is-typedarray@npm:1.0.0"
  checksum: 10c0/4c096275ba041a17a13cca33ac21c16bc4fd2d7d7eb94525e7cd2c2f2c1a3ab956e37622290642501ff4310601e413b675cf399ad6db49855527d2163b3eeeec
  languageName: node
  linkType: hard

"isarray@npm:0.0.1":
  version: 0.0.1
  resolution: "isarray@npm:0.0.1"
  checksum: 10c0/ed1e62da617f71fe348907c71743b5ed550448b455f8d269f89a7c7ddb8ae6e962de3dab6a74a237b06f5eb7f6ece7a45ada8ce96d87fe972926530f91ae3311
  languageName: node
  linkType: hard

"isstream@npm:~0.1.2":
  version: 0.1.2
  resolution: "isstream@npm:0.1.2"
  checksum: 10c0/a6686a878735ca0a48e0d674dd6d8ad31aedfaf70f07920da16ceadc7577b46d67179a60b313f2e6860cb097a2c2eb3cbd0b89e921ae89199a59a17c3273d66f
  languageName: node
  linkType: hard

"jsbn@npm:~0.1.0":
  version: 0.1.1
  resolution: "jsbn@npm:0.1.1"
  checksum: 10c0/e046e05c59ff880ee4ef68902dbdcb6d2f3c5d60c357d4d68647dc23add556c31c0e5f41bdb7e69e793dd63468bd9e085da3636341048ef577b18f5b713877c0
  languageName: node
  linkType: hard

"jshint@npm:^2.13.6":
  version: 2.13.6
  resolution: "jshint@npm:2.13.6"
  dependencies:
    cli: "npm:~1.0.0"
    console-browserify: "npm:1.1.x"
    exit: "npm:0.1.x"
    htmlparser2: "npm:3.8.x"
    lodash: "npm:~4.17.21"
    minimatch: "npm:~3.0.2"
    strip-json-comments: "npm:1.0.x"
  bin:
    jshint: bin/jshint
  checksum: 10c0/ce2db8c705a7b93ffe2957fcbc6aa9dd95d37a6cd9c58643033d99157d0ca68ef559d74b29033ae14967db38650efb67d9423d0ed010543265dc8300c8218e0f
  languageName: node
  linkType: hard

"json-schema-traverse@npm:^0.4.1":
  version: 0.4.1
  resolution: "json-schema-traverse@npm:0.4.1"
  checksum: 10c0/108fa90d4cc6f08243aedc6da16c408daf81793bf903e9fd5ab21983cda433d5d2da49e40711da016289465ec2e62e0324dcdfbc06275a607fe3233fde4942ce
  languageName: node
  linkType: hard

"json-schema@npm:0.4.0":
  version: 0.4.0
  resolution: "json-schema@npm:0.4.0"
  checksum: 10c0/d4a637ec1d83544857c1c163232f3da46912e971d5bf054ba44fdb88f07d8d359a462b4aec46f2745efbc57053365608d88bc1d7b1729f7b4fc3369765639ed3
  languageName: node
  linkType: hard

"json-stringify-safe@npm:~5.0.1":
  version: 5.0.1
  resolution: "json-stringify-safe@npm:5.0.1"
  checksum: 10c0/7dbf35cd0411d1d648dceb6d59ce5857ec939e52e4afc37601aa3da611f0987d5cee5b38d58329ceddf3ed48bd7215229c8d52059ab01f2444a338bf24ed0f37
  languageName: node
  linkType: hard

"jsprim@npm:^1.2.2":
  version: 1.4.2
  resolution: "jsprim@npm:1.4.2"
  dependencies:
    assert-plus: "npm:1.0.0"
    extsprintf: "npm:1.3.0"
    json-schema: "npm:0.4.0"
    verror: "npm:1.10.0"
  checksum: 10c0/5e4bca99e90727c2040eb4c2190d0ef1fe51798ed5714e87b841d304526190d960f9772acc7108fa1416b61e1122bcd60e4460c91793dce0835df5852aab55af
  languageName: node
  linkType: hard

"lodash@npm:^4.17.14, lodash@npm:~4.17.21":
  version: 4.17.21
  resolution: "lodash@npm:4.17.21"
  checksum: 10c0/d8cbea072bb08655bb4c989da418994b073a608dffa608b09ac04b43a791b12aeae7cd7ad919aa4c925f33b48490b5cfe6c1f71d827956071dae2e7bb3a6b74c
  languageName: node
  linkType: hard

"mime-db@npm:1.52.0":
  version: 1.52.0
  resolution: "mime-db@npm:1.52.0"
  checksum: 10c0/0557a01deebf45ac5f5777fe7740b2a5c309c6d62d40ceab4e23da9f821899ce7a900b7ac8157d4548ddbb7beffe9abc621250e6d182b0397ec7f10c7b91a5aa
  languageName: node
  linkType: hard

"mime-types@npm:^2.1.12, mime-types@npm:~2.1.19":
  version: 2.1.35
  resolution: "mime-types@npm:2.1.35"
  dependencies:
    mime-db: "npm:1.52.0"
  checksum: 10c0/82fb07ec56d8ff1fc999a84f2f217aa46cb6ed1033fefaabd5785b9a974ed225c90dc72fff460259e66b95b73648596dbcc50d51ed69cdf464af2d237d3149b2
  languageName: node
  linkType: hard

"mime@npm:^1.6.0":
  version: 1.6.0
  resolution: "mime@npm:1.6.0"
  bin:
    mime: cli.js
  checksum: 10c0/b92cd0adc44888c7135a185bfd0dddc42c32606401c72896a842ae15da71eb88858f17669af41e498b463cd7eb998f7b48939a25b08374c7924a9c8a6f8a81b0
  languageName: node
  linkType: hard

"minimatch@npm:^3.1.1":
  version: 3.1.2
  resolution: "minimatch@npm:3.1.2"
  dependencies:
    brace-expansion: "npm:^1.1.7"
  checksum: 10c0/0262810a8fc2e72cca45d6fd86bd349eee435eb95ac6aa45c9ea2180e7ee875ef44c32b55b5973ceabe95ea12682f6e3725cbb63d7a2d1da3ae1163c8b210311
  languageName: node
  linkType: hard

"minimatch@npm:~3.0.2":
  version: 3.0.8
  resolution: "minimatch@npm:3.0.8"
  dependencies:
    brace-expansion: "npm:^1.1.7"
  checksum: 10c0/72b226f452dcfb5075255f53534cb83fc25565b909e79b9be4fad463d735cb1084827f7013ff41d050e77ee6e474408c6073473edd2fb72c2fd630cfb0acc6ad
  languageName: node
  linkType: hard

"minimist@npm:^1.2.6":
  version: 1.2.8
  resolution: "minimist@npm:1.2.8"
  checksum: 10c0/19d3fcdca050087b84c2029841a093691a91259a47def2f18222f41e7645a0b7c44ef4b40e88a1e58a40c84d2ef0ee6047c55594d298146d0eb3f6b737c20ce6
  languageName: node
  linkType: hard

"mkdirp@npm:^0.5.6":
  version: 0.5.6
  resolution: "mkdirp@npm:0.5.6"
  dependencies:
    minimist: "npm:^1.2.6"
  bin:
    mkdirp: bin/cmd.js
  checksum: 10c0/e2e2be789218807b58abced04e7b49851d9e46e88a2f9539242cc8a92c9b5c3a0b9bab360bd3014e02a140fc4fbc58e31176c408b493f8a2a6f4986bd7527b01
  languageName: node
  linkType: hard

"ms@npm:^2.1.1":
  version: 2.1.3
  resolution: "ms@npm:2.1.3"
  checksum: 10c0/d924b57e7312b3b63ad21fc5b3dc0af5e78d61a1fc7cfb5457edaf26326bf62be5307cc87ffb6862ef1c2b33b0233cdb5d4f01c4c958cc0d660948b65a287a48
  languageName: node
  linkType: hard

"oauth-sign@npm:~0.9.0":
  version: 0.9.0
  resolution: "oauth-sign@npm:0.9.0"
  checksum: 10c0/fc92a516f6ddbb2699089a2748b04f55c47b6ead55a77cd3a2cbbce5f7af86164cb9425f9ae19acfd066f1ad7d3a96a67b8928c6ea946426f6d6c29e448497c2
  languageName: node
  linkType: hard

"object-inspect@npm:^1.13.1":
  version: 1.13.1
  resolution: "object-inspect@npm:1.13.1"
  checksum: 10c0/fad603f408e345c82e946abdf4bfd774260a5ed3e5997a0b057c44153ac32c7271ff19e3a5ae39c858da683ba045ccac2f65245c12763ce4e8594f818f4a648d
  languageName: node
  linkType: hard

"once@npm:^1.3.0":
  version: 1.4.0
  resolution: "once@npm:1.4.0"
  dependencies:
    wrappy: "npm:1"
  checksum: 10c0/5d48aca287dfefabd756621c5dfce5c91a549a93e9fdb7b8246bc4c4790aa2ec17b34a260530474635147aeb631a2dcc8b32c613df0675f96041cbb8244517d0
  languageName: node
  linkType: hard

"opener@npm:^1.5.1":
  version: 1.5.2
  resolution: "opener@npm:1.5.2"
  bin:
    opener: bin/opener-bin.js
  checksum: 10c0/dd56256ab0cf796585617bc28e06e058adf09211781e70b264c76a1dbe16e90f868c974e5bf5309c93469157c7d14b89c35dc53fe7293b0e40b4d2f92073bc79
  languageName: node
  linkType: hard

"path-is-absolute@npm:^1.0.0":
  version: 1.0.1
  resolution: "path-is-absolute@npm:1.0.1"
  checksum: 10c0/127da03c82172a2a50099cddbf02510c1791fc2cc5f7713ddb613a56838db1e8168b121a920079d052e0936c23005562059756d653b7c544c53185efe53be078
  languageName: node
  linkType: hard

"performance-now@npm:^2.1.0":
  version: 2.1.0
  resolution: "performance-now@npm:2.1.0"
  checksum: 10c0/22c54de06f269e29f640e0e075207af57de5052a3d15e360c09b9a8663f393f6f45902006c1e71aa8a5a1cdfb1a47fe268826f8496d6425c362f00f5bc3e85d9
  languageName: node
  linkType: hard

"portfinder@npm:^1.0.28":
  version: 1.0.32
  resolution: "portfinder@npm:1.0.32"
  dependencies:
    async: "npm:^2.6.4"
    debug: "npm:^3.2.7"
    mkdirp: "npm:^0.5.6"
  checksum: 10c0/cef8b567b78aabccc59fe8e103bac8b394bb45a6a69be626608f099f454124c775aaf47b274c006332c07ab3f501cde55e49aaeb9d49d78d90362d776a565cbf
  languageName: node
  linkType: hard

"psl@npm:^1.1.28":
  version: 1.9.0
  resolution: "psl@npm:1.9.0"
  checksum: 10c0/6a3f805fdab9442f44de4ba23880c4eba26b20c8e8e0830eff1cb31007f6825dace61d17203c58bfe36946842140c97a1ba7f67bc63ca2d88a7ee052b65d97ab
  languageName: node
  linkType: hard

"punycode@npm:^2.1.0, punycode@npm:^2.1.1":
  version: 2.3.1
  resolution: "punycode@npm:2.3.1"
  checksum: 10c0/14f76a8206bc3464f794fb2e3d3cc665ae416c01893ad7a02b23766eb07159144ee612ad67af5e84fa4479ccfe67678c4feb126b0485651b302babf66f04f9e9
  languageName: node
  linkType: hard

"qs@npm:^6.4.0":
  version: 6.11.2
  resolution: "qs@npm:6.11.2"
  dependencies:
    side-channel: "npm:^1.0.4"
  checksum: 10c0/4f95d4ff18ed480befcafa3390022817ffd3087fc65f146cceb40fc5edb9fa96cb31f648cae2fa96ca23818f0798bd63ad4ca369a0e22702fcd41379b3ab6571
  languageName: node
  linkType: hard

"qs@npm:~6.5.2":
  version: 6.5.3
  resolution: "qs@npm:6.5.3"
  checksum: 10c0/6631d4f2fa9d315e480662646745a4aa3a708817fbffe2cbdacec8ab9be130f92740c66191770fe9b704bc5fa9c1cc1f6596f55ad132fef7bd3ad1582f199eb0
  languageName: node
  linkType: hard

"readable-stream@npm:1.1":
  version: 1.1.14
  resolution: "readable-stream@npm:1.1.14"
  dependencies:
    core-util-is: "npm:~1.0.0"
    inherits: "npm:~2.0.1"
    isarray: "npm:0.0.1"
    string_decoder: "npm:~0.10.x"
  checksum: 10c0/b7f41b16b305103d598e3c8964fa30d52d6e0b5d9fdad567588964521691c24b279c7a8bb71f11927c3613acf355bac72d8396885a43d50425b2caafd49bc83d
  languageName: node
  linkType: hard

"request@npm:^2.74.0":
  version: 2.88.2
  resolution: "request@npm:2.88.2"
  dependencies:
    aws-sign2: "npm:~0.7.0"
    aws4: "npm:^1.8.0"
    caseless: "npm:~0.12.0"
    combined-stream: "npm:~1.0.6"
    extend: "npm:~3.0.2"
    forever-agent: "npm:~0.6.1"
    form-data: "npm:~2.3.2"
    har-validator: "npm:~5.1.3"
    http-signature: "npm:~1.2.0"
    is-typedarray: "npm:~1.0.0"
    isstream: "npm:~0.1.2"
    json-stringify-safe: "npm:~5.0.1"
    mime-types: "npm:~2.1.19"
    oauth-sign: "npm:~0.9.0"
    performance-now: "npm:^2.1.0"
    qs: "npm:~6.5.2"
    safe-buffer: "npm:^5.1.2"
    tough-cookie: "npm:~2.5.0"
    tunnel-agent: "npm:^0.6.0"
    uuid: "npm:^3.3.2"
  checksum: 10c0/0ec66e7af1391e51ad231de3b1c6c6aef3ebd0a238aa50d4191c7a792dcdb14920eea8d570c702dc5682f276fe569d176f9b8ebc6031a3cf4a630a691a431a63
  languageName: node
  linkType: hard

"requires-port@npm:^1.0.0":
  version: 1.0.0
  resolution: "requires-port@npm:1.0.0"
  checksum: 10c0/b2bfdd09db16c082c4326e573a82c0771daaf7b53b9ce8ad60ea46aa6e30aaf475fe9b164800b89f93b748d2c234d8abff945d2551ba47bf5698e04cd7713267
  languageName: node
  linkType: hard

"safe-buffer@npm:5.1.2":
  version: 5.1.2
  resolution: "safe-buffer@npm:5.1.2"
  checksum: 10c0/780ba6b5d99cc9a40f7b951d47152297d0e260f0df01472a1b99d4889679a4b94a13d644f7dbc4f022572f09ae9005fa2fbb93bbbd83643316f365a3e9a45b21
  languageName: node
  linkType: hard

"safe-buffer@npm:^5.0.1, safe-buffer@npm:^5.1.2":
  version: 5.2.1
  resolution: "safe-buffer@npm:5.2.1"
  checksum: 10c0/6501914237c0a86e9675d4e51d89ca3c21ffd6a31642efeba25ad65720bce6921c9e7e974e5be91a786b25aa058b5303285d3c15dbabf983a919f5f630d349f3
  languageName: node
  linkType: hard

"safer-buffer@npm:>= 2.1.2 < 3.0.0, safer-buffer@npm:^2.0.2, safer-buffer@npm:^2.1.0, safer-buffer@npm:~2.1.0":
  version: 2.1.2
  resolution: "safer-buffer@npm:2.1.2"
  checksum: 10c0/7e3c8b2e88a1841c9671094bbaeebd94448111dd90a81a1f606f3f67708a6ec57763b3b47f06da09fc6054193e0e6709e77325415dc8422b04497a8070fa02d4
  languageName: node
  linkType: hard

"secure-compare@npm:3.0.1":
  version: 3.0.1
  resolution: "secure-compare@npm:3.0.1"
  checksum: 10c0/af3102f3f555d917c8ffff7a5f6f00f70195708f4faf82d48794485c9f3cb365cee0dd4da6b4e53e8964f172970bce6069b6101ba3ce8c309bff54f460d1f650
  languageName: node
  linkType: hard

"set-function-length@npm:^1.2.0":
  version: 1.2.1
  resolution: "set-function-length@npm:1.2.1"
  dependencies:
    define-data-property: "npm:^1.1.2"
    es-errors: "npm:^1.3.0"
    function-bind: "npm:^1.1.2"
    get-intrinsic: "npm:^1.2.3"
    gopd: "npm:^1.0.1"
    has-property-descriptors: "npm:^1.0.1"
  checksum: 10c0/1927e296599f2c04d210c1911f1600430a5e49e04a6d8bb03dca5487b95a574da9968813a2ced9a774bd3e188d4a6208352c8f64b8d4674cdb021dca21e190ca
  languageName: node
  linkType: hard

"side-channel@npm:^1.0.4":
  version: 1.0.5
  resolution: "side-channel@npm:1.0.5"
  dependencies:
    call-bind: "npm:^1.0.6"
    es-errors: "npm:^1.3.0"
    get-intrinsic: "npm:^1.2.4"
    object-inspect: "npm:^1.13.1"
  checksum: 10c0/31312fecb68997ce2893b1f6d1fd07d6dd41e05cc938e82004f056f7de96dd9df599ef9418acdf730dda948e867e933114bd2efe4170c0146d1ed7009700c252
  languageName: node
  linkType: hard

"sshpk@npm:^1.7.0":
  version: 1.18.0
  resolution: "sshpk@npm:1.18.0"
  dependencies:
    asn1: "npm:~0.2.3"
    assert-plus: "npm:^1.0.0"
    bcrypt-pbkdf: "npm:^1.0.0"
    dashdash: "npm:^1.12.0"
    ecc-jsbn: "npm:~0.1.1"
    getpass: "npm:^0.1.1"
    jsbn: "npm:~0.1.0"
    safer-buffer: "npm:^2.0.2"
    tweetnacl: "npm:~0.14.0"
  bin:
    sshpk-conv: bin/sshpk-conv
    sshpk-sign: bin/sshpk-sign
    sshpk-verify: bin/sshpk-verify
  checksum: 10c0/e516e34fa981cfceef45fd2e947772cc70dbd57523e5c608e2cd73752ba7f8a99a04df7c3ed751588e8d91956b6f16531590b35d3489980d1c54c38bebcd41b1
  languageName: node
  linkType: hard

"string_decoder@npm:~0.10.x":
  version: 0.10.31
  resolution: "string_decoder@npm:0.10.31"
  checksum: 10c0/1c628d78f974aa7539c496029f48e7019acc32487fc695464f9d6bdfec98edd7d933a06b3216bc2016918f6e75074c611d84430a53cb0e43071597d6c1ac5e25
  languageName: node
  linkType: hard

"strip-json-comments@npm:1.0.x":
  version: 1.0.4
  resolution: "strip-json-comments@npm:1.0.4"
  bin:
    strip-json-comments: cli.js
  checksum: 10c0/8388f352771ea508977f519758cc725670710e388ca24333bf61c7aaf073f40d99961b6b802432787ea5e5e2bf7dcbca9c391d6d7c5774f17495bf567ba08df4
  languageName: node
  linkType: hard

"supports-color@npm:^7.1.0":
  version: 7.2.0
  resolution: "supports-color@npm:7.2.0"
  dependencies:
    has-flag: "npm:^4.0.0"
  checksum: 10c0/afb4c88521b8b136b5f5f95160c98dee7243dc79d5432db7efc27efb219385bbc7d9427398e43dd6cc730a0f87d5085ce1652af7efbe391327bc0a7d0f7fc124
  languageName: node
  linkType: hard

"tough-cookie@npm:~2.5.0":
  version: 2.5.0
  resolution: "tough-cookie@npm:2.5.0"
  dependencies:
    psl: "npm:^1.1.28"
    punycode: "npm:^2.1.1"
  checksum: 10c0/e1cadfb24d40d64ca16de05fa8192bc097b66aeeb2704199b055ff12f450e4f30c927ce250f53d01f39baad18e1c11d66f65e545c5c6269de4c366fafa4c0543
  languageName: node
  linkType: hard

"tunnel-agent@npm:^0.6.0":
  version: 0.6.0
  resolution: "tunnel-agent@npm:0.6.0"
  dependencies:
    safe-buffer: "npm:^5.0.1"
  checksum: 10c0/4c7a1b813e7beae66fdbf567a65ec6d46313643753d0beefb3c7973d66fcec3a1e7f39759f0a0b4465883499c6dc8b0750ab8b287399af2e583823e40410a17a
  languageName: node
  linkType: hard

"tweetnacl@npm:^0.14.3, tweetnacl@npm:~0.14.0":
  version: 0.14.5
  resolution: "tweetnacl@npm:0.14.5"
  checksum: 10c0/4612772653512c7bc19e61923fbf42903f5e0389ec76a4a1f17195859d114671ea4aa3b734c2029ce7e1fa7e5cc8b80580f67b071ecf0b46b5636d030a0102a2
  languageName: node
  linkType: hard

"union@npm:~0.5.0":
  version: 0.5.0
  resolution: "union@npm:0.5.0"
  dependencies:
    qs: "npm:^6.4.0"
  checksum: 10c0/9ac158d99991063180e56f408f5991e808fa07594713439c098116da09215c154672ee8c832e16a6b39b037609c08bcaff8ff07c1e3e46c3cc622897972af2aa
  languageName: node
  linkType: hard

"uri-js@npm:^4.2.2":
  version: 4.4.1
  resolution: "uri-js@npm:4.4.1"
  dependencies:
    punycode: "npm:^2.1.0"
  checksum: 10c0/4ef57b45aa820d7ac6496e9208559986c665e49447cb072744c13b66925a362d96dd5a46c4530a6b8e203e5db5fe849369444440cb22ecfc26c679359e5dfa3c
  languageName: node
  linkType: hard

"url-join@npm:^4.0.1":
  version: 4.0.1
  resolution: "url-join@npm:4.0.1"
  checksum: 10c0/ac65e2c7c562d7b49b68edddcf55385d3e922bc1dd5d90419ea40b53b6de1607d1e45ceb71efb9d60da02c681d13c6cb3a1aa8b13fc0c989dfc219df97ee992d
  languageName: node
  linkType: hard

"uuid@npm:^3.3.2":
  version: 3.4.0
  resolution: "uuid@npm:3.4.0"
  bin:
    uuid: ./bin/uuid
  checksum: 10c0/1c13950df865c4f506ebfe0a24023571fa80edf2e62364297a537c80af09c618299797bbf2dbac6b1f8ae5ad182ba474b89db61e0e85839683991f7e08795347
  languageName: node
  linkType: hard

"verror@npm:1.10.0":
  version: 1.10.0
  resolution: "verror@npm:1.10.0"
  dependencies:
    assert-plus: "npm:^1.0.0"
    core-util-is: "npm:1.0.2"
    extsprintf: "npm:^1.2.0"
  checksum: 10c0/37ccdf8542b5863c525128908ac80f2b476eed36a32cb944de930ca1e2e78584cc435c4b9b4c68d0fc13a47b45ff364b4be43aa74f8804f9050140f660fb660d
  languageName: node
  linkType: hard

"whatwg-encoding@npm:^2.0.0":
  version: 2.0.0
  resolution: "whatwg-encoding@npm:2.0.0"
  dependencies:
    iconv-lite: "npm:0.6.3"
  checksum: 10c0/91b90a49f312dc751496fd23a7e68981e62f33afe938b97281ad766235c4872fc4e66319f925c5e9001502b3040dd25a33b02a9c693b73a4cbbfdc4ad10c3e3e
  languageName: node
  linkType: hard

"why@npm:^0.6.2":
  version: 0.6.2
  resolution: "why@npm:0.6.2"
  bin:
    why: src/index.js
  checksum: 10c0/c53bbf87a3cf9f08a75d8e5e5b73da9f23e98068b9ad36d3bb01a7600829f6286cfef1de2fd23fe28f07b8936e694ee072a529b92bf7684d8e5a7cb0191f2bf0
  languageName: node
  linkType: hard

"wrappy@npm:1":
  version: 1.0.2
  resolution: "wrappy@npm:1.0.2"
  checksum: 10c0/56fece1a4018c6a6c8e28fbc88c87e0fbf4ea8fd64fc6c63b18f4acc4bd13e0ad2515189786dd2c30d3eec9663d70f4ecf699330002f8ccb547e4a18231fc9f0
  languageName: node
  linkType: hard
